// !$*UTF8*$!
{
	archiveVersion = 1;
	classes = {
	};
	objectVersion = 46;
	objects = {

/* Begin PBXBuildFile section */
		0014C5FDE2084D2CA1934D0E /* libPods.a in Frameworks */ = {isa = PBXBuildFile; fileRef = FA8A7250205A4F7D9EED36CF /* libPods.a */; };
		4A2DA8DF1913F79600D16CC0 /* Foundation.framework in Frameworks */ = {isa = PBXBuildFile; fileRef = 4A2DA8DE1913F79600D16CC0 /* Foundation.framework */; };
		4A2DA8E11913F79600D16CC0 /* CoreGraphics.framework in Frameworks */ = {isa = PBXBuildFile; fileRef = 4A2DA8E01913F79600D16CC0 /* CoreGraphics.framework */; };
		4A2DA8E31913F79600D16CC0 /* UIKit.framework in Frameworks */ = {isa = PBXBuildFile; fileRef = 4A2DA8E21913F79600D16CC0 /* UIKit.framework */; };
		4A2DA8E91913F79600D16CC0 /* InfoPlist.strings in Resources */ = {isa = PBXBuildFile; fileRef = 4A2DA8E71913F79600D16CC0 /* InfoPlist.strings */; };
		4A2DA8EB1913F79600D16CC0 /* main.m in Sources */ = {isa = PBXBuildFile; fileRef = 4A2DA8EA1913F79600D16CC0 /* main.m */; };
		4A2DA8EF1913F79600D16CC0 /* SCPAppDelegate.m in Sources */ = {isa = PBXBuildFile; fileRef = 4A2DA8EE1913F79600D16CC0 /* SCPAppDelegate.m */; };
		4A2DA8F21913F79600D16CC0 /* Main_iPhone.storyboard in Resources */ = {isa = PBXBuildFile; fileRef = 4A2DA8F01913F79600D16CC0 /* Main_iPhone.storyboard */; };
		4A2DA8F51913F79600D16CC0 /* Main_iPad.storyboard in Resources */ = {isa = PBXBuildFile; fileRef = 4A2DA8F31913F79600D16CC0 /* Main_iPad.storyboard */; };
		4A2DA8FA1913F79600D16CC0 /* Images.xcassets in Resources */ = {isa = PBXBuildFile; fileRef = 4A2DA8F91913F79600D16CC0 /* Images.xcassets */; };
		4A2DA9011913F79600D16CC0 /* XCTest.framework in Frameworks */ = {isa = PBXBuildFile; fileRef = 4A2DA9001913F79600D16CC0 /* XCTest.framework */; };
		4A2DA9021913F79600D16CC0 /* Foundation.framework in Frameworks */ = {isa = PBXBuildFile; fileRef = 4A2DA8DE1913F79600D16CC0 /* Foundation.framework */; };
		4A2DA9031913F79600D16CC0 /* UIKit.framework in Frameworks */ = {isa = PBXBuildFile; fileRef = 4A2DA8E21913F79600D16CC0 /* UIKit.framework */; };
		4A2DA90B1913F79600D16CC0 /* InfoPlist.strings in Resources */ = {isa = PBXBuildFile; fileRef = 4A2DA9091913F79600D16CC0 /* InfoPlist.strings */; };
		4A2DA90D1913F79600D16CC0 /* SCPCoreBluetoothManagerTests.m in Sources */ = {isa = PBXBuildFile; fileRef = 4A2DA90C1913F79600D16CC0 /* SCPCoreBluetoothManagerTests.m */; };
		4AD13FFB192D6C9600E746CC /* SCPCharacteristicsTableViewController.m in Sources */ = {isa = PBXBuildFile; fileRef = 4AD13FF4192D6C9600E746CC /* SCPCharacteristicsTableViewController.m */; };
		4AD13FFC192D6C9600E746CC /* SCPCharacteristicValueTableViewController.m in Sources */ = {isa = PBXBuildFile; fileRef = 4AD13FF6192D6C9600E746CC /* SCPCharacteristicValueTableViewController.m */; };
		4AD13FFD192D6C9600E746CC /* SCPPeripheralsTableViewController.m in Sources */ = {isa = PBXBuildFile; fileRef = 4AD13FF8192D6C9600E746CC /* SCPPeripheralsTableViewController.m */; };
		4AD13FFE192D6C9600E746CC /* SCPServicesTableViewController.m in Sources */ = {isa = PBXBuildFile; fileRef = 4AD13FFA192D6C9600E746CC /* SCPServicesTableViewController.m */; };
		A5B4A0C0196C3B210041ECF8 /* SCPCoreBluetoothCentralManager.m in Sources */ = {isa = PBXBuildFile; fileRef = A5B4A0B1196C3B210041ECF8 /* SCPCoreBluetoothCentralManager.m */; };
		A5B4A0C1196C3B210041ECF8 /* CBCharacteristic+SCPCoreBluetoothManager.m in Sources */ = {isa = PBXBuildFile; fileRef = A5B4A0B4196C3B210041ECF8 /* CBCharacteristic+SCPCoreBluetoothManager.m */; };
		A5B4A0C2196C3B210041ECF8 /* CBPeripheral+SCPCoreBluetoothManager.m in Sources */ = {isa = PBXBuildFile; fileRef = A5B4A0B6196C3B210041ECF8 /* CBPeripheral+SCPCoreBluetoothManager.m */; };
		A5B4A0C3196C3B210041ECF8 /* CBService+SCPCoreBluetoothManager.m in Sources */ = {isa = PBXBuildFile; fileRef = A5B4A0B8196C3B210041ECF8 /* CBService+SCPCoreBluetoothManager.m */; };
		A5B4A0C4196C3B210041ECF8 /* NSData+SCPCoreBluetoothManager.m in Sources */ = {isa = PBXBuildFile; fileRef = A5B4A0BA196C3B210041ECF8 /* NSData+SCPCoreBluetoothManager.m */; };
		A5B4A0C5196C3B210041ECF8 /* NSString+SCPCoreBluetoothManager.m in Sources */ = {isa = PBXBuildFile; fileRef = A5B4A0BC196C3B210041ECF8 /* NSString+SCPCoreBluetoothManager.m */; };
/* End PBXBuildFile section */

/* Begin PBXContainerItemProxy section */
		4A2DA9041913F79600D16CC0 /* PBXContainerItemProxy */ = {
			isa = PBXContainerItemProxy;
			containerPortal = 4A2DA8D31913F79600D16CC0 /* Project object */;
			proxyType = 1;
			remoteGlobalIDString = 4A2DA8DA1913F79600D16CC0;
			remoteInfo = SCPCoreBluetoothManager;
		};
/* End PBXContainerItemProxy section */

/* Begin PBXFileReference section */
		4A2DA8DB1913F79600D16CC0 /* SCPCoreBluetoothManager.app */ = {isa = PBXFileReference; explicitFileType = wrapper.application; includeInIndex = 0; path = SCPCoreBluetoothManager.app; sourceTree = BUILT_PRODUCTS_DIR; };
		4A2DA8DE1913F79600D16CC0 /* Foundation.framework */ = {isa = PBXFileReference; lastKnownFileType = wrapper.framework; name = Foundation.framework; path = System/Library/Frameworks/Foundation.framework; sourceTree = SDKROOT; };
		4A2DA8E01913F79600D16CC0 /* CoreGraphics.framework */ = {isa = PBXFileReference; lastKnownFileType = wrapper.framework; name = CoreGraphics.framework; path = System/Library/Frameworks/CoreGraphics.framework; sourceTree = SDKROOT; };
		4A2DA8E21913F79600D16CC0 /* UIKit.framework */ = {isa = PBXFileReference; lastKnownFileType = wrapper.framework; name = UIKit.framework; path = System/Library/Frameworks/UIKit.framework; sourceTree = SDKROOT; };
		4A2DA8E61913F79600D16CC0 /* SCPCoreBluetoothManager-Info.plist */ = {isa = PBXFileReference; lastKnownFileType = text.plist.xml; path = "SCPCoreBluetoothManager-Info.plist"; sourceTree = "<group>"; };
		4A2DA8E81913F79600D16CC0 /* en */ = {isa = PBXFileReference; lastKnownFileType = text.plist.strings; name = en; path = en.lproj/InfoPlist.strings; sourceTree = "<group>"; };
		4A2DA8EA1913F79600D16CC0 /* main.m */ = {isa = PBXFileReference; lastKnownFileType = sourcecode.c.objc; path = main.m; sourceTree = "<group>"; };
		4A2DA8EC1913F79600D16CC0 /* SCPCoreBluetoothManager-Prefix.pch */ = {isa = PBXFileReference; lastKnownFileType = sourcecode.c.h; path = "SCPCoreBluetoothManager-Prefix.pch"; sourceTree = "<group>"; };
		4A2DA8ED1913F79600D16CC0 /* SCPAppDelegate.h */ = {isa = PBXFileReference; lastKnownFileType = sourcecode.c.h; path = SCPAppDelegate.h; sourceTree = "<group>"; };
		4A2DA8EE1913F79600D16CC0 /* SCPAppDelegate.m */ = {isa = PBXFileReference; lastKnownFileType = sourcecode.c.objc; path = SCPAppDelegate.m; sourceTree = "<group>"; };
		4A2DA8F11913F79600D16CC0 /* Base */ = {isa = PBXFileReference; lastKnownFileType = file.storyboard; name = Base; path = Base.lproj/Main_iPhone.storyboard; sourceTree = "<group>"; };
		4A2DA8F41913F79600D16CC0 /* Base */ = {isa = PBXFileReference; lastKnownFileType = file.storyboard; name = Base; path = Base.lproj/Main_iPad.storyboard; sourceTree = "<group>"; };
		4A2DA8F91913F79600D16CC0 /* Images.xcassets */ = {isa = PBXFileReference; lastKnownFileType = folder.assetcatalog; path = Images.xcassets; sourceTree = "<group>"; };
		4A2DA8FF1913F79600D16CC0 /* SCPCoreBluetoothManagerTests.xctest */ = {isa = PBXFileReference; explicitFileType = wrapper.cfbundle; includeInIndex = 0; path = SCPCoreBluetoothManagerTests.xctest; sourceTree = BUILT_PRODUCTS_DIR; };
		4A2DA9001913F79600D16CC0 /* XCTest.framework */ = {isa = PBXFileReference; lastKnownFileType = wrapper.framework; name = XCTest.framework; path = Library/Frameworks/XCTest.framework; sourceTree = DEVELOPER_DIR; };
		4A2DA9081913F79600D16CC0 /* SCPCoreBluetoothManagerTests-Info.plist */ = {isa = PBXFileReference; lastKnownFileType = text.plist.xml; path = "SCPCoreBluetoothManagerTests-Info.plist"; sourceTree = "<group>"; };
		4A2DA90A1913F79600D16CC0 /* en */ = {isa = PBXFileReference; lastKnownFileType = text.plist.strings; name = en; path = en.lproj/InfoPlist.strings; sourceTree = "<group>"; };
		4A2DA90C1913F79600D16CC0 /* SCPCoreBluetoothManagerTests.m */ = {isa = PBXFileReference; lastKnownFileType = sourcecode.c.objc; path = SCPCoreBluetoothManagerTests.m; sourceTree = "<group>"; };
		4AD13FF3192D6C9600E746CC /* SCPCharacteristicsTableViewController.h */ = {isa = PBXFileReference; fileEncoding = 4; lastKnownFileType = sourcecode.c.h; path = SCPCharacteristicsTableViewController.h; sourceTree = "<group>"; };
		4AD13FF4192D6C9600E746CC /* SCPCharacteristicsTableViewController.m */ = {isa = PBXFileReference; fileEncoding = 4; lastKnownFileType = sourcecode.c.objc; path = SCPCharacteristicsTableViewController.m; sourceTree = "<group>"; };
		4AD13FF5192D6C9600E746CC /* SCPCharacteristicValueTableViewController.h */ = {isa = PBXFileReference; fileEncoding = 4; lastKnownFileType = sourcecode.c.h; path = SCPCharacteristicValueTableViewController.h; sourceTree = "<group>"; };
		4AD13FF6192D6C9600E746CC /* SCPCharacteristicValueTableViewController.m */ = {isa = PBXFileReference; fileEncoding = 4; lastKnownFileType = sourcecode.c.objc; path = SCPCharacteristicValueTableViewController.m; sourceTree = "<group>"; };
		4AD13FF7192D6C9600E746CC /* SCPPeripheralsTableViewController.h */ = {isa = PBXFileReference; fileEncoding = 4; lastKnownFileType = sourcecode.c.h; path = SCPPeripheralsTableViewController.h; sourceTree = "<group>"; };
		4AD13FF8192D6C9600E746CC /* SCPPeripheralsTableViewController.m */ = {isa = PBXFileReference; fileEncoding = 4; lastKnownFileType = sourcecode.c.objc; path = SCPPeripheralsTableViewController.m; sourceTree = "<group>"; };
		4AD13FF9192D6C9600E746CC /* SCPServicesTableViewController.h */ = {isa = PBXFileReference; fileEncoding = 4; lastKnownFileType = sourcecode.c.h; path = SCPServicesTableViewController.h; sourceTree = "<group>"; };
		4AD13FFA192D6C9600E746CC /* SCPServicesTableViewController.m */ = {isa = PBXFileReference; fileEncoding = 4; lastKnownFileType = sourcecode.c.objc; path = SCPServicesTableViewController.m; sourceTree = "<group>"; };
		6075B8D31A174D4E8041816A /* Pods.xcconfig */ = {isa = PBXFileReference; includeInIndex = 1; lastKnownFileType = text.xcconfig; name = Pods.xcconfig; path = Pods/Pods.xcconfig; sourceTree = "<group>"; };
		A5B4A0B0196C3B210041ECF8 /* SCPCoreBluetoothCentralManager.h */ = {isa = PBXFileReference; fileEncoding = 4; lastKnownFileType = sourcecode.c.h; path = SCPCoreBluetoothCentralManager.h; sourceTree = "<group>"; };
		A5B4A0B1196C3B210041ECF8 /* SCPCoreBluetoothCentralManager.m */ = {isa = PBXFileReference; fileEncoding = 4; lastKnownFileType = sourcecode.c.objc; path = SCPCoreBluetoothCentralManager.m; sourceTree = "<group>"; };
		A5B4A0B3196C3B210041ECF8 /* CBCharacteristic+SCPCoreBluetoothManager.h */ = {isa = PBXFileReference; fileEncoding = 4; lastKnownFileType = sourcecode.c.h; path = "CBCharacteristic+SCPCoreBluetoothManager.h"; sourceTree = "<group>"; };
		A5B4A0B4196C3B210041ECF8 /* CBCharacteristic+SCPCoreBluetoothManager.m */ = {isa = PBXFileReference; fileEncoding = 4; lastKnownFileType = sourcecode.c.objc; path = "CBCharacteristic+SCPCoreBluetoothManager.m"; sourceTree = "<group>"; };
		A5B4A0B5196C3B210041ECF8 /* CBPeripheral+SCPCoreBluetoothManager.h */ = {isa = PBXFileReference; fileEncoding = 4; lastKnownFileType = sourcecode.c.h; path = "CBPeripheral+SCPCoreBluetoothManager.h"; sourceTree = "<group>"; };
		A5B4A0B6196C3B210041ECF8 /* CBPeripheral+SCPCoreBluetoothManager.m */ = {isa = PBXFileReference; fileEncoding = 4; lastKnownFileType = sourcecode.c.objc; path = "CBPeripheral+SCPCoreBluetoothManager.m"; sourceTree = "<group>"; };
		A5B4A0B7196C3B210041ECF8 /* CBService+SCPCoreBluetoothManager.h */ = {isa = PBXFileReference; fileEncoding = 4; lastKnownFileType = sourcecode.c.h; path = "CBService+SCPCoreBluetoothManager.h"; sourceTree = "<group>"; };
		A5B4A0B8196C3B210041ECF8 /* CBService+SCPCoreBluetoothManager.m */ = {isa = PBXFileReference; fileEncoding = 4; lastKnownFileType = sourcecode.c.objc; path = "CBService+SCPCoreBluetoothManager.m"; sourceTree = "<group>"; };
		A5B4A0B9196C3B210041ECF8 /* NSData+SCPCoreBluetoothManager.h */ = {isa = PBXFileReference; fileEncoding = 4; lastKnownFileType = sourcecode.c.h; path = "NSData+SCPCoreBluetoothManager.h"; sourceTree = "<group>"; };
		A5B4A0BA196C3B210041ECF8 /* NSData+SCPCoreBluetoothManager.m */ = {isa = PBXFileReference; fileEncoding = 4; lastKnownFileType = sourcecode.c.objc; path = "NSData+SCPCoreBluetoothManager.m"; sourceTree = "<group>"; };
		A5B4A0BB196C3B210041ECF8 /* NSString+SCPCoreBluetoothManager.h */ = {isa = PBXFileReference; fileEncoding = 4; lastKnownFileType = sourcecode.c.h; path = "NSString+SCPCoreBluetoothManager.h"; sourceTree = "<group>"; };
		A5B4A0BC196C3B210041ECF8 /* NSString+SCPCoreBluetoothManager.m */ = {isa = PBXFileReference; fileEncoding = 4; lastKnownFileType = sourcecode.c.objc; path = "NSString+SCPCoreBluetoothManager.m"; sourceTree = "<group>"; };
		A5B4A0BD196C3B210041ECF8 /* SCPCoreBluetoothManagerCategories.h */ = {isa = PBXFileReference; fileEncoding = 4; lastKnownFileType = sourcecode.c.h; path = SCPCoreBluetoothManagerCategories.h; sourceTree = "<group>"; };
		A5B4A0BE196C3B210041ECF8 /* SCPCoreBluetoothManagerBlocks.h */ = {isa = PBXFileReference; fileEncoding = 4; lastKnownFileType = sourcecode.c.h; path = SCPCoreBluetoothManagerBlocks.h; sourceTree = "<group>"; };
		FA8A7250205A4F7D9EED36CF /* libPods.a */ = {isa = PBXFileReference; explicitFileType = archive.ar; includeInIndex = 0; path = libPods.a; sourceTree = BUILT_PRODUCTS_DIR; };
/* End PBXFileReference section */

/* Begin PBXFrameworksBuildPhase section */
		4A2DA8D81913F79600D16CC0 /* Frameworks */ = {
			isa = PBXFrameworksBuildPhase;
			buildActionMask = 2147483647;
			files = (
				4A2DA8E11913F79600D16CC0 /* CoreGraphics.framework in Frameworks */,
				4A2DA8E31913F79600D16CC0 /* UIKit.framework in Frameworks */,
				4A2DA8DF1913F79600D16CC0 /* Foundation.framework in Frameworks */,
				0014C5FDE2084D2CA1934D0E /* libPods.a in Frameworks */,
			);
			runOnlyForDeploymentPostprocessing = 0;
		};
		4A2DA8FC1913F79600D16CC0 /* Frameworks */ = {
			isa = PBXFrameworksBuildPhase;
			buildActionMask = 2147483647;
			files = (
				4A2DA9011913F79600D16CC0 /* XCTest.framework in Frameworks */,
				4A2DA9031913F79600D16CC0 /* UIKit.framework in Frameworks */,
				4A2DA9021913F79600D16CC0 /* Foundation.framework in Frameworks */,
			);
			runOnlyForDeploymentPostprocessing = 0;
		};
/* End PBXFrameworksBuildPhase section */

/* Begin PBXGroup section */
		4A2DA8D21913F79600D16CC0 = {
			isa = PBXGroup;
			children = (
				4A2DA8E41913F79600D16CC0 /* SCPCoreBluetoothManager */,
				4A2DA9061913F79600D16CC0 /* SCPCoreBluetoothManagerTests */,
				4A2DA8DD1913F79600D16CC0 /* Frameworks */,
				4A2DA8DC1913F79600D16CC0 /* Products */,
				6075B8D31A174D4E8041816A /* Pods.xcconfig */,
			);
			sourceTree = "<group>";
		};
		4A2DA8DC1913F79600D16CC0 /* Products */ = {
			isa = PBXGroup;
			children = (
				4A2DA8DB1913F79600D16CC0 /* SCPCoreBluetoothManager.app */,
				4A2DA8FF1913F79600D16CC0 /* SCPCoreBluetoothManagerTests.xctest */,
			);
			name = Products;
			sourceTree = "<group>";
		};
		4A2DA8DD1913F79600D16CC0 /* Frameworks */ = {
			isa = PBXGroup;
			children = (
				4A2DA8DE1913F79600D16CC0 /* Foundation.framework */,
				4A2DA8E01913F79600D16CC0 /* CoreGraphics.framework */,
				4A2DA8E21913F79600D16CC0 /* UIKit.framework */,
				4A2DA9001913F79600D16CC0 /* XCTest.framework */,
				FA8A7250205A4F7D9EED36CF /* libPods.a */,
			);
			name = Frameworks;
			sourceTree = "<group>";
		};
		4A2DA8E41913F79600D16CC0 /* SCPCoreBluetoothManager */ = {
			isa = PBXGroup;
			children = (
				4A2DA8F01913F79600D16CC0 /* Main_iPhone.storyboard */,
				4A2DA8F31913F79600D16CC0 /* Main_iPad.storyboard */,
				4A2DA8ED1913F79600D16CC0 /* SCPAppDelegate.h */,
				4A2DA8EE1913F79600D16CC0 /* SCPAppDelegate.m */,
				A5B4A0AE196C3B210041ECF8 /* Classes */,
				4AD13FF2192D6C9600E746CC /* View Controllers */,
				4A2DA8F91913F79600D16CC0 /* Images.xcassets */,
				4A2DA8E51913F79600D16CC0 /* Supporting Files */,
			);
			path = SCPCoreBluetoothManager;
			sourceTree = "<group>";
		};
		4A2DA8E51913F79600D16CC0 /* Supporting Files */ = {
			isa = PBXGroup;
			children = (
				4A2DA8E61913F79600D16CC0 /* SCPCoreBluetoothManager-Info.plist */,
				4A2DA8E71913F79600D16CC0 /* InfoPlist.strings */,
				4A2DA8EA1913F79600D16CC0 /* main.m */,
				4A2DA8EC1913F79600D16CC0 /* SCPCoreBluetoothManager-Prefix.pch */,
			);
			name = "Supporting Files";
			sourceTree = "<group>";
		};
		4A2DA9061913F79600D16CC0 /* SCPCoreBluetoothManagerTests */ = {
			isa = PBXGroup;
			children = (
				4A2DA90C1913F79600D16CC0 /* SCPCoreBluetoothManagerTests.m */,
				4A2DA9071913F79600D16CC0 /* Supporting Files */,
			);
			path = SCPCoreBluetoothManagerTests;
			sourceTree = "<group>";
		};
		4A2DA9071913F79600D16CC0 /* Supporting Files */ = {
			isa = PBXGroup;
			children = (
				4A2DA9081913F79600D16CC0 /* SCPCoreBluetoothManagerTests-Info.plist */,
				4A2DA9091913F79600D16CC0 /* InfoPlist.strings */,
			);
			name = "Supporting Files";
			sourceTree = "<group>";
		};
		4AD13FF2192D6C9600E746CC /* View Controllers */ = {
			isa = PBXGroup;
			children = (
				4AD13FF7192D6C9600E746CC /* SCPPeripheralsTableViewController.h */,
				4AD13FF8192D6C9600E746CC /* SCPPeripheralsTableViewController.m */,
				4AD13FF9192D6C9600E746CC /* SCPServicesTableViewController.h */,
				4AD13FFA192D6C9600E746CC /* SCPServicesTableViewController.m */,
				4AD13FF3192D6C9600E746CC /* SCPCharacteristicsTableViewController.h */,
				4AD13FF4192D6C9600E746CC /* SCPCharacteristicsTableViewController.m */,
				4AD13FF5192D6C9600E746CC /* SCPCharacteristicValueTableViewController.h */,
				4AD13FF6192D6C9600E746CC /* SCPCharacteristicValueTableViewController.m */,
			);
			path = "View Controllers";
			sourceTree = "<group>";
		};
		A5B4A0AE196C3B210041ECF8 /* Classes */ = {
			isa = PBXGroup;
			children = (
				A5B4A0B0196C3B210041ECF8 /* SCPCoreBluetoothCentralManager.h */,
				A5B4A0B1196C3B210041ECF8 /* SCPCoreBluetoothCentralManager.m */,
				A5B4A0BE196C3B210041ECF8 /* SCPCoreBluetoothManagerBlocks.h */,
				A5B4A0B2196C3B210041ECF8 /* SCPCoreBluetoothManager Categories */,
			);
			path = Classes;
			sourceTree = "<group>";
		};
		A5B4A0B2196C3B210041ECF8 /* SCPCoreBluetoothManager Categories */ = {
			isa = PBXGroup;
			children = (
				A5B4A0BD196C3B210041ECF8 /* SCPCoreBluetoothManagerCategories.h */,
				A5B4A0B3196C3B210041ECF8 /* CBCharacteristic+SCPCoreBluetoothManager.h */,
				A5B4A0B4196C3B210041ECF8 /* CBCharacteristic+SCPCoreBluetoothManager.m */,
				A5B4A0B5196C3B210041ECF8 /* CBPeripheral+SCPCoreBluetoothManager.h */,
				A5B4A0B6196C3B210041ECF8 /* CBPeripheral+SCPCoreBluetoothManager.m */,
				A5B4A0B7196C3B210041ECF8 /* CBService+SCPCoreBluetoothManager.h */,
				A5B4A0B8196C3B210041ECF8 /* CBService+SCPCoreBluetoothManager.m */,
				A5B4A0B9196C3B210041ECF8 /* NSData+SCPCoreBluetoothManager.h */,
				A5B4A0BA196C3B210041ECF8 /* NSData+SCPCoreBluetoothManager.m */,
				A5B4A0BB196C3B210041ECF8 /* NSString+SCPCoreBluetoothManager.h */,
				A5B4A0BC196C3B210041ECF8 /* NSString+SCPCoreBluetoothManager.m */,
			);
			path = "SCPCoreBluetoothManager Categories";
			sourceTree = "<group>";
		};
/* End PBXGroup section */

/* Begin PBXNativeTarget section */
		4A2DA8DA1913F79600D16CC0 /* SCPCoreBluetoothManager */ = {
			isa = PBXNativeTarget;
			buildConfigurationList = 4A2DA9101913F79600D16CC0 /* Build configuration list for PBXNativeTarget "SCPCoreBluetoothManager" */;
			buildPhases = (
				FE541CC0F0ED4C25B5084E99 /* Check Pods Manifest.lock */,
				4A2DA8D71913F79600D16CC0 /* Sources */,
				4A2DA8D81913F79600D16CC0 /* Frameworks */,
				4A2DA8D91913F79600D16CC0 /* Resources */,
				226913FC09044638B9185DFC /* Copy Pods Resources */,
			);
			buildRules = (
			);
			dependencies = (
			);
			name = SCPCoreBluetoothManager;
			productName = SCPCoreBluetoothManager;
			productReference = 4A2DA8DB1913F79600D16CC0 /* SCPCoreBluetoothManager.app */;
			productType = "com.apple.product-type.application";
		};
		4A2DA8FE1913F79600D16CC0 /* SCPCoreBluetoothManagerTests */ = {
			isa = PBXNativeTarget;
			buildConfigurationList = 4A2DA9131913F79600D16CC0 /* Build configuration list for PBXNativeTarget "SCPCoreBluetoothManagerTests" */;
			buildPhases = (
				4A2DA8FB1913F79600D16CC0 /* Sources */,
				4A2DA8FC1913F79600D16CC0 /* Frameworks */,
				4A2DA8FD1913F79600D16CC0 /* Resources */,
			);
			buildRules = (
			);
			dependencies = (
				4A2DA9051913F79600D16CC0 /* PBXTargetDependency */,
			);
			name = SCPCoreBluetoothManagerTests;
			productName = SCPCoreBluetoothManagerTests;
			productReference = 4A2DA8FF1913F79600D16CC0 /* SCPCoreBluetoothManagerTests.xctest */;
			productType = "com.apple.product-type.bundle.unit-test";
		};
/* End PBXNativeTarget section */

/* Begin PBXProject section */
		4A2DA8D31913F79600D16CC0 /* Project object */ = {
			isa = PBXProject;
			attributes = {
				CLASSPREFIX = SCP;
				LastUpgradeCheck = 0510;
				ORGANIZATIONNAME = "Ste Prescott";
				TargetAttributes = {
					4A2DA8DA1913F79600D16CC0 = {
						DevelopmentTeam = 6MY82S2C39;
					};
					4A2DA8FE1913F79600D16CC0 = {
						TestTargetID = 4A2DA8DA1913F79600D16CC0;
					};
				};
			};
			buildConfigurationList = 4A2DA8D61913F79600D16CC0 /* Build configuration list for PBXProject "SCPCoreBluetoothManager" */;
			compatibilityVersion = "Xcode 3.2";
			developmentRegion = English;
			hasScannedForEncodings = 0;
			knownRegions = (
				en,
				Base,
			);
			mainGroup = 4A2DA8D21913F79600D16CC0;
			productRefGroup = 4A2DA8DC1913F79600D16CC0 /* Products */;
			projectDirPath = "";
			projectRoot = "";
			targets = (
				4A2DA8DA1913F79600D16CC0 /* SCPCoreBluetoothManager */,
				4A2DA8FE1913F79600D16CC0 /* SCPCoreBluetoothManagerTests */,
			);
		};
/* End PBXProject section */

/* Begin PBXResourcesBuildPhase section */
		4A2DA8D91913F79600D16CC0 /* Resources */ = {
			isa = PBXResourcesBuildPhase;
			buildActionMask = 2147483647;
			files = (
				4A2DA8F51913F79600D16CC0 /* Main_iPad.storyboard in Resources */,
				4A2DA8FA1913F79600D16CC0 /* Images.xcassets in Resources */,
				4A2DA8F21913F79600D16CC0 /* Main_iPhone.storyboard in Resources */,
				4A2DA8E91913F79600D16CC0 /* InfoPlist.strings in Resources */,
			);
			runOnlyForDeploymentPostprocessing = 0;
		};
		4A2DA8FD1913F79600D16CC0 /* Resources */ = {
			isa = PBXResourcesBuildPhase;
			buildActionMask = 2147483647;
			files = (
				4A2DA90B1913F79600D16CC0 /* InfoPlist.strings in Resources */,
			);
			runOnlyForDeploymentPostprocessing = 0;
		};
/* End PBXResourcesBuildPhase section */

/* Begin PBXShellScriptBuildPhase section */
		226913FC09044638B9185DFC /* Copy Pods Resources */ = {
			isa = PBXShellScriptBuildPhase;
			buildActionMask = 2147483647;
			files = (
			);
			inputPaths = (
			);
			name = "Copy Pods Resources";
			outputPaths = (
			);
			runOnlyForDeploymentPostprocessing = 0;
			shellPath = /bin/sh;
			shellScript = "\"${SRCROOT}/Pods/Pods-resources.sh\"\n";
			showEnvVarsInLog = 0;
		};
		FE541CC0F0ED4C25B5084E99 /* Check Pods Manifest.lock */ = {
			isa = PBXShellScriptBuildPhase;
			buildActionMask = 2147483647;
			files = (
			);
			inputPaths = (
			);
			name = "Check Pods Manifest.lock";
			outputPaths = (
			);
			runOnlyForDeploymentPostprocessing = 0;
			shellPath = /bin/sh;
			shellScript = "diff \"${PODS_ROOT}/../Podfile.lock\" \"${PODS_ROOT}/Manifest.lock\" > /dev/null\nif [[ $? != 0 ]] ; then\n    cat << EOM\nerror: The sandbox is not in sync with the Podfile.lock. Run 'pod install' or update your CocoaPods installation.\nEOM\n    exit 1\nfi\n";
			showEnvVarsInLog = 0;
		};
/* End PBXShellScriptBuildPhase section */

/* Begin PBXSourcesBuildPhase section */
		4A2DA8D71913F79600D16CC0 /* Sources */ = {
			isa = PBXSourcesBuildPhase;
			buildActionMask = 2147483647;
			files = (
				A5B4A0C0196C3B210041ECF8 /* SCPCoreBluetoothCentralManager.m in Sources */,
				4AD13FFC192D6C9600E746CC /* SCPCharacteristicValueTableViewController.m in Sources */,
				4AD13FFB192D6C9600E746CC /* SCPCharacteristicsTableViewController.m in Sources */,
				4AD13FFE192D6C9600E746CC /* SCPServicesTableViewController.m in Sources */,
				4A2DA8EB1913F79600D16CC0 /* main.m in Sources */,
				A5B4A0C4196C3B210041ECF8 /* NSData+SCPCoreBluetoothManager.m in Sources */,
				A5B4A0C3196C3B210041ECF8 /* CBService+SCPCoreBluetoothManager.m in Sources */,
				A5B4A0C2196C3B210041ECF8 /* CBPeripheral+SCPCoreBluetoothManager.m in Sources */,
				A5B4A0C5196C3B210041ECF8 /* NSString+SCPCoreBluetoothManager.m in Sources */,
				4AD13FFD192D6C9600E746CC /* SCPPeripheralsTableViewController.m in Sources */,
				A5B4A0C1196C3B210041ECF8 /* CBCharacteristic+SCPCoreBluetoothManager.m in Sources */,
				4A2DA8EF1913F79600D16CC0 /* SCPAppDelegate.m in Sources */,
			);
			runOnlyForDeploymentPostprocessing = 0;
		};
		4A2DA8FB1913F79600D16CC0 /* Sources */ = {
			isa = PBXSourcesBuildPhase;
			buildActionMask = 2147483647;
			files = (
				4A2DA90D1913F79600D16CC0 /* SCPCoreBluetoothManagerTests.m in Sources */,
			);
			runOnlyForDeploymentPostprocessing = 0;
		};
/* End PBXSourcesBuildPhase section */

/* Begin PBXTargetDependency section */
		4A2DA9051913F79600D16CC0 /* PBXTargetDependency */ = {
			isa = PBXTargetDependency;
			target = 4A2DA8DA1913F79600D16CC0 /* SCPCoreBluetoothManager */;
			targetProxy = 4A2DA9041913F79600D16CC0 /* PBXContainerItemProxy */;
		};
/* End PBXTargetDependency section */

/* Begin PBXVariantGroup section */
		4A2DA8E71913F79600D16CC0 /* InfoPlist.strings */ = {
			isa = PBXVariantGroup;
			children = (
				4A2DA8E81913F79600D16CC0 /* en */,
			);
			name = InfoPlist.strings;
			sourceTree = "<group>";
		};
		4A2DA8F01913F79600D16CC0 /* Main_iPhone.storyboard */ = {
			isa = PBXVariantGroup;
			children = (
				4A2DA8F11913F79600D16CC0 /* Base */,
			);
			name = Main_iPhone.storyboard;
			sourceTree = "<group>";
		};
		4A2DA8F31913F79600D16CC0 /* Main_iPad.storyboard */ = {
			isa = PBXVariantGroup;
			children = (
				4A2DA8F41913F79600D16CC0 /* Base */,
			);
			name = Main_iPad.storyboard;
			sourceTree = "<group>";
		};
		4A2DA9091913F79600D16CC0 /* InfoPlist.strings */ = {
			isa = PBXVariantGroup;
			children = (
				4A2DA90A1913F79600D16CC0 /* en */,
			);
			name = InfoPlist.strings;
			sourceTree = "<group>";
		};
/* End PBXVariantGroup section */

/* Begin XCBuildConfiguration section */
		4A2DA90E1913F79600D16CC0 /* Debug */ = {
			isa = XCBuildConfiguration;
			buildSettings = {
				ALWAYS_SEARCH_USER_PATHS = NO;
				CLANG_CXX_LANGUAGE_STANDARD = "gnu++0x";
				CLANG_CXX_LIBRARY = "libc++";
				CLANG_ENABLE_MODULES = YES;
				CLANG_ENABLE_OBJC_ARC = YES;
				CLANG_WARN_BOOL_CONVERSION = YES;
				CLANG_WARN_CONSTANT_CONVERSION = YES;
				CLANG_WARN_DIRECT_OBJC_ISA_USAGE = YES_ERROR;
				CLANG_WARN_EMPTY_BODY = YES;
				CLANG_WARN_ENUM_CONVERSION = YES;
				CLANG_WARN_INT_CONVERSION = YES;
				CLANG_WARN_OBJC_ROOT_CLASS = YES_ERROR;
				CLANG_WARN__DUPLICATE_METHOD_MATCH = YES;
				"CODE_SIGN_IDENTITY[sdk=iphoneos*]" = "iPhone Developer";
				COPY_PHASE_STRIP = NO;
				GCC_C_LANGUAGE_STANDARD = gnu99;
				GCC_DYNAMIC_NO_PIC = NO;
				GCC_OPTIMIZATION_LEVEL = 0;
				GCC_PREPROCESSOR_DEFINITIONS = (
					"DEBUG=1",
					"$(inherited)",
				);
				GCC_SYMBOLS_PRIVATE_EXTERN = NO;
				GCC_WARN_64_TO_32_BIT_CONVERSION = YES;
				GCC_WARN_ABOUT_RETURN_TYPE = YES_ERROR;
				GCC_WARN_UNDECLARED_SELECTOR = YES;
				GCC_WARN_UNINITIALIZED_AUTOS = YES_AGGRESSIVE;
				GCC_WARN_UNUSED_FUNCTION = YES;
				GCC_WARN_UNUSED_VARIABLE = YES;
				IPHONEOS_DEPLOYMENT_TARGET = 7.1;
				ONLY_ACTIVE_ARCH = YES;
				SDKROOT = iphoneos;
				TARGETED_DEVICE_FAMILY = "1,2";
			};
			name = Debug;
		};
		4A2DA90F1913F79600D16CC0 /* Release */ = {
			isa = XCBuildConfiguration;
			buildSettings = {
				ALWAYS_SEARCH_USER_PATHS = NO;
				CLANG_CXX_LANGUAGE_STANDARD = "gnu++0x";
				CLANG_CXX_LIBRARY = "libc++";
				CLANG_ENABLE_MODULES = YES;
				CLANG_ENABLE_OBJC_ARC = YES;
				CLANG_WARN_BOOL_CONVERSION = YES;
				CLANG_WARN_CONSTANT_CONVERSION = YES;
				CLANG_WARN_DIRECT_OBJC_ISA_USAGE = YES_ERROR;
				CLANG_WARN_EMPTY_BODY = YES;
				CLANG_WARN_ENUM_CONVERSION = YES;
				CLANG_WARN_INT_CONVERSION = YES;
				CLANG_WARN_OBJC_ROOT_CLASS = YES_ERROR;
				CLANG_WARN__DUPLICATE_METHOD_MATCH = YES;
				"CODE_SIGN_IDENTITY[sdk=iphoneos*]" = "iPhone Developer";
				COPY_PHASE_STRIP = YES;
				ENABLE_NS_ASSERTIONS = NO;
				GCC_C_LANGUAGE_STANDARD = gnu99;
				GCC_WARN_64_TO_32_BIT_CONVERSION = YES;
				GCC_WARN_ABOUT_RETURN_TYPE = YES_ERROR;
				GCC_WARN_UNDECLARED_SELECTOR = YES;
				GCC_WARN_UNINITIALIZED_AUTOS = YES_AGGRESSIVE;
				GCC_WARN_UNUSED_FUNCTION = YES;
				GCC_WARN_UNUSED_VARIABLE = YES;
				IPHONEOS_DEPLOYMENT_TARGET = 7.1;
				SDKROOT = iphoneos;
				TARGETED_DEVICE_FAMILY = "1,2";
				VALIDATE_PRODUCT = YES;
			};
			name = Release;
		};
		4A2DA9111913F79600D16CC0 /* Debug */ = {
			isa = XCBuildConfiguration;
			baseConfigurationReference = 6075B8D31A174D4E8041816A /* Pods.xcconfig */;
			buildSettings = {
				ASSETCATALOG_COMPILER_APPICON_NAME = AppIcon;
				ASSETCATALOG_COMPILER_LAUNCHIMAGE_NAME = LaunchImage;
				CODE_SIGN_IDENTITY = "iPhone Developer";
				"CODE_SIGN_IDENTITY[sdk=iphoneos*]" = "iPhone Developer";
				GCC_PRECOMPILE_PREFIX_HEADER = YES;
				GCC_PREFIX_HEADER = "SCPCoreBluetoothManager/SCPCoreBluetoothManager-Prefix.pch";
				INFOPLIST_FILE = "SCPCoreBluetoothManager/SCPCoreBluetoothManager-Info.plist";
				LIBRARY_SEARCH_PATHS = (
					"$(inherited)",
					"$(PROJECT_DIR)/SCPCoreBluetoothManager/Classes/SCPStoreKitReceiptValidator/openSSL/lib",
				);
				PRODUCT_NAME = "$(TARGET_NAME)";
				PROVISIONING_PROFILE = "";
				WRAPPER_EXTENSION = app;
			};
			name = Debug;
		};
		4A2DA9121913F79600D16CC0 /* Release */ = {
			isa = XCBuildConfiguration;
			baseConfigurationReference = 6075B8D31A174D4E8041816A /* Pods.xcconfig */;
			buildSettings = {
				ASSETCATALOG_COMPILER_APPICON_NAME = AppIcon;
				ASSETCATALOG_COMPILER_LAUNCHIMAGE_NAME = LaunchImage;
				CODE_SIGN_IDENTITY = "iPhone Developer";
				"CODE_SIGN_IDENTITY[sdk=iphoneos*]" = "iPhone Developer";
				GCC_PRECOMPILE_PREFIX_HEADER = YES;
				GCC_PREFIX_HEADER = "SCPCoreBluetoothManager/SCPCoreBluetoothManager-Prefix.pch";
				INFOPLIST_FILE = "SCPCoreBluetoothManager/SCPCoreBluetoothManager-Info.plist";
				LIBRARY_SEARCH_PATHS = (
					"$(inherited)",
					"$(PROJECT_DIR)/SCPCoreBluetoothManager/Classes/SCPStoreKitReceiptValidator/openSSL/lib",
				);
				PRODUCT_NAME = "$(TARGET_NAME)";
				PROVISIONING_PROFILE = "";
				WRAPPER_EXTENSION = app;
			};
			name = Release;
		};
		4A2DA9141913F79600D16CC0 /* Debug */ = {
			isa = XCBuildConfiguration;
			buildSettings = {
				BUNDLE_LOADER = "$(BUILT_PRODUCTS_DIR)/SCPCoreBluetoothManager.app/SCPCoreBluetoothManager";
				FRAMEWORK_SEARCH_PATHS = (
					"$(SDKROOT)/Developer/Library/Frameworks",
					"$(inherited)",
					"$(DEVELOPER_FRAMEWORKS_DIR)",
				);
				GCC_PRECOMPILE_PREFIX_HEADER = YES;
				GCC_PREFIX_HEADER = "SCPCoreBluetoothManager/SCPCoreBluetoothManager-Prefix.pch";
				GCC_PREPROCESSOR_DEFINITIONS = (
					"DEBUG=1",
					"$(inherited)",
				);
				INFOPLIST_FILE = "SCPCoreBluetoothManagerTests/SCPCoreBluetoothManagerTests-Info.plist";
				PRODUCT_NAME = "$(TARGET_NAME)";
				TEST_HOST = "$(BUNDLE_LOADER)";
				WRAPPER_EXTENSION = xctest;
			};
			name = Debug;
		};
		4A2DA9151913F79600D16CC0 /* Release */ = {
			isa = XCBuildConfiguration;
			buildSettings = {
				BUNDLE_LOADER = "$(BUILT_PRODUCTS_DIR)/SCPCoreBluetoothManager.app/SCPCoreBluetoothManager";
				FRAMEWORK_SEARCH_PATHS = (
					"$(SDKROOT)/Developer/Library/Frameworks",
					"$(inherited)",
					"$(DEVELOPER_FRAMEWORKS_DIR)",
				);
				GCC_PRECOMPILE_PREFIX_HEADER = YES;
				GCC_PREFIX_HEADER = "SCPCoreBluetoothManager/SCPCoreBluetoothManager-Prefix.pch";
				INFOPLIST_FILE = "SCPCoreBluetoothManagerTests/SCPCoreBluetoothManagerTests-Info.plist";
				PRODUCT_NAME = "$(TARGET_NAME)";
				TEST_HOST = "$(BUNDLE_LOADER)";
				WRAPPER_EXTENSION = xctest;
			};
			name = Release;
		};
/* End XCBuildConfiguration section */

/* Begin XCConfigurationList section */
		4A2DA8D61913F79600D16CC0 /* Build configuration list for PBXProject "SCPCoreBluetoothManager" */ = {
			isa = XCConfigurationList;
			buildConfigurations = (
				4A2DA90E1913F79600D16CC0 /* Debug */,
				4A2DA90F1913F79600D16CC0 /* Release */,
			);
			defaultConfigurationIsVisible = 0;
			defaultConfigurationName = Release;
		};
		4A2DA9101913F79600D16CC0 /* Build configuration list for PBXNativeTarget "SCPCoreBluetoothManager" */ = {
			isa = XCConfigurationList;
			buildConfigurations = (
				4A2DA9111913F79600D16CC0 /* Debug */,
				4A2DA9121913F79600D16CC0 /* Release */,
			);
			defaultConfigurationIsVisible = 0;
			defaultConfigurationName = Release;
		};
		4A2DA9131913F79600D16CC0 /* Build configuration list for PBXNativeTarget "SCPCoreBluetoothManagerTests" */ = {
			isa = XCConfigurationList;
			buildConfigurations = (
				4A2DA9141913F79600D16CC0 /* Debug */,
				4A2DA9151913F79600D16CC0 /* Release */,
			);
			defaultConfigurationIsVisible = 0;
			defaultConfigurationName = Release;
		};
/* End XCConfigurationList section */
	};
	rootObject = 4A2DA8D31913F79600D16CC0 /* Project object */;
}
