<?xml version="1.0" encoding="UTF-8"?>
<!DOCTYPE plist PUBLIC "-//Apple//DTD PLIST 1.0//EN" "http://www.apple.com/DTDs/PropertyList-1.0.dtd">
<plist version="1.0">
<dict>
	<key>archiveVersion</key>
	<string>1</string>
	<key>classes</key>
	<dict/>
	<key>objectVersion</key>
	<string>46</string>
	<key>objects</key>
	<dict>
		<key>0014C5FDE2084D2CA1934D0E</key>
		<dict>
			<key>fileRef</key>
			<string>FA8A7250205A4F7D9EED36CF</string>
			<key>isa</key>
			<string>PBXBuildFile</string>
		</dict>
		<key>226913FC09044638B9185DFC</key>
		<dict>
			<key>buildActionMask</key>
			<string>2147483647</string>
			<key>files</key>
			<array/>
			<key>inputPaths</key>
			<array/>
			<key>isa</key>
			<string>PBXShellScriptBuildPhase</string>
			<key>name</key>
			<string>Copy Pods Resources</string>
			<key>outputPaths</key>
			<array/>
			<key>runOnlyForDeploymentPostprocessing</key>
			<string>0</string>
			<key>shellPath</key>
			<string>/bin/sh</string>
			<key>shellScript</key>
			<string>"${SRCROOT}/Pods/Pods-resources.sh"
</string>
			<key>showEnvVarsInLog</key>
			<string>0</string>
		</dict>
		<key>4A2DA8D21913F79600D16CC0</key>
		<dict>
			<key>children</key>
			<array>
				<string>4A2DA8E41913F79600D16CC0</string>
				<string>4A2DA9061913F79600D16CC0</string>
				<string>4A2DA8DD1913F79600D16CC0</string>
				<string>4A2DA8DC1913F79600D16CC0</string>
				<string>6075B8D31A174D4E8041816A</string>
			</array>
			<key>isa</key>
			<string>PBXGroup</string>
			<key>sourceTree</key>
			<string>&lt;group&gt;</string>
		</dict>
		<key>4A2DA8D31913F79600D16CC0</key>
		<dict>
			<key>attributes</key>
			<dict>
				<key>CLASSPREFIX</key>
				<string>SCP</string>
				<key>LastUpgradeCheck</key>
				<string>0510</string>
				<key>ORGANIZATIONNAME</key>
				<string>Ste Prescott</string>
				<key>TargetAttributes</key>
				<dict>
					<key>4A2DA8DA1913F79600D16CC0</key>
					<dict>
						<key>DevelopmentTeam</key>
						<string>6MY82S2C39</string>
					</dict>
					<key>4A2DA8FE1913F79600D16CC0</key>
					<dict>
						<key>TestTargetID</key>
						<string>4A2DA8DA1913F79600D16CC0</string>
					</dict>
				</dict>
			</dict>
			<key>buildConfigurationList</key>
			<string>4A2DA8D61913F79600D16CC0</string>
			<key>compatibilityVersion</key>
			<string>Xcode 3.2</string>
			<key>developmentRegion</key>
			<string>English</string>
			<key>hasScannedForEncodings</key>
			<string>0</string>
			<key>isa</key>
			<string>PBXProject</string>
			<key>knownRegions</key>
			<array>
				<string>en</string>
				<string>Base</string>
			</array>
			<key>mainGroup</key>
			<string>4A2DA8D21913F79600D16CC0</string>
			<key>productRefGroup</key>
			<string>4A2DA8DC1913F79600D16CC0</string>
			<key>projectDirPath</key>
			<string></string>
			<key>projectReferences</key>
			<array/>
			<key>projectRoot</key>
			<string></string>
			<key>targets</key>
			<array>
				<string>4A2DA8DA1913F79600D16CC0</string>
				<string>4A2DA8FE1913F79600D16CC0</string>
			</array>
		</dict>
		<key>4A2DA8D61913F79600D16CC0</key>
		<dict>
			<key>buildConfigurations</key>
			<array>
				<string>4A2DA90E1913F79600D16CC0</string>
				<string>4A2DA90F1913F79600D16CC0</string>
			</array>
			<key>defaultConfigurationIsVisible</key>
			<string>0</string>
			<key>defaultConfigurationName</key>
			<string>Release</string>
			<key>isa</key>
			<string>XCConfigurationList</string>
		</dict>
		<key>4A2DA8D71913F79600D16CC0</key>
		<dict>
			<key>buildActionMask</key>
			<string>2147483647</string>
			<key>files</key>
			<array>
				<string>4AD13FF0192D6BE600E746CC</string>
				<string>4AD13FFC192D6C9600E746CC</string>
				<string>4AD13FED192D6BE600E746CC</string>
				<string>4AD13FFB192D6C9600E746CC</string>
				<string>4A2DA9191913F7E800D16CC0</string>
				<string>4AD13FFE192D6C9600E746CC</string>
				<string>4A2DA8EB1913F79600D16CC0</string>
				<string>4AD13FFD192D6C9600E746CC</string>
				<string>4AD13FEF192D6BE600E746CC</string>
				<string>4A2DA8EF1913F79600D16CC0</string>
				<string>4AD13FEE192D6BE600E746CC</string>
				<string>4AD13FF1192D6BE600E746CC</string>
			</array>
			<key>isa</key>
			<string>PBXSourcesBuildPhase</string>
			<key>runOnlyForDeploymentPostprocessing</key>
			<string>0</string>
		</dict>
		<key>4A2DA8D81913F79600D16CC0</key>
		<dict>
			<key>buildActionMask</key>
			<string>2147483647</string>
			<key>files</key>
			<array>
				<string>4A2DA8E11913F79600D16CC0</string>
				<string>4A2DA8E31913F79600D16CC0</string>
				<string>4A2DA8DF1913F79600D16CC0</string>
				<string>0014C5FDE2084D2CA1934D0E</string>
			</array>
			<key>isa</key>
			<string>PBXFrameworksBuildPhase</string>
			<key>runOnlyForDeploymentPostprocessing</key>
			<string>0</string>
		</dict>
		<key>4A2DA8D91913F79600D16CC0</key>
		<dict>
			<key>buildActionMask</key>
			<string>2147483647</string>
			<key>files</key>
			<array>
				<string>4A2DA8F51913F79600D16CC0</string>
				<string>4A2DA8FA1913F79600D16CC0</string>
				<string>4A2DA8F21913F79600D16CC0</string>
				<string>4A2DA8E91913F79600D16CC0</string>
			</array>
			<key>isa</key>
			<string>PBXResourcesBuildPhase</string>
			<key>runOnlyForDeploymentPostprocessing</key>
			<string>0</string>
		</dict>
		<key>4A2DA8DA1913F79600D16CC0</key>
		<dict>
			<key>buildConfigurationList</key>
			<string>4A2DA9101913F79600D16CC0</string>
			<key>buildPhases</key>
			<array>
				<string>FE541CC0F0ED4C25B5084E99</string>
				<string>4A2DA8D71913F79600D16CC0</string>
				<string>4A2DA8D81913F79600D16CC0</string>
				<string>4A2DA8D91913F79600D16CC0</string>
				<string>226913FC09044638B9185DFC</string>
			</array>
			<key>buildRules</key>
			<array/>
			<key>dependencies</key>
			<array/>
			<key>isa</key>
			<string>PBXNativeTarget</string>
			<key>name</key>
			<string>SCPCoreBluetoothManager</string>
			<key>productName</key>
			<string>SCPCoreBluetoothManager</string>
			<key>productReference</key>
			<string>4A2DA8DB1913F79600D16CC0</string>
			<key>productType</key>
			<string>com.apple.product-type.application</string>
		</dict>
		<key>4A2DA8DB1913F79600D16CC0</key>
		<dict>
			<key>explicitFileType</key>
			<string>wrapper.application</string>
			<key>includeInIndex</key>
			<string>0</string>
			<key>isa</key>
			<string>PBXFileReference</string>
			<key>path</key>
			<string>SCPCoreBluetoothManager.app</string>
			<key>sourceTree</key>
			<string>BUILT_PRODUCTS_DIR</string>
		</dict>
		<key>4A2DA8DC1913F79600D16CC0</key>
		<dict>
			<key>children</key>
			<array>
				<string>4A2DA8DB1913F79600D16CC0</string>
				<string>4A2DA8FF1913F79600D16CC0</string>
			</array>
			<key>isa</key>
			<string>PBXGroup</string>
			<key>name</key>
			<string>Products</string>
			<key>sourceTree</key>
			<string>&lt;group&gt;</string>
		</dict>
		<key>4A2DA8DD1913F79600D16CC0</key>
		<dict>
			<key>children</key>
			<array>
				<string>4A2DA8DE1913F79600D16CC0</string>
				<string>4A2DA8E01913F79600D16CC0</string>
				<string>4A2DA8E21913F79600D16CC0</string>
				<string>4A2DA9001913F79600D16CC0</string>
				<string>FA8A7250205A4F7D9EED36CF</string>
			</array>
			<key>isa</key>
			<string>PBXGroup</string>
			<key>name</key>
			<string>Frameworks</string>
			<key>sourceTree</key>
			<string>&lt;group&gt;</string>
		</dict>
		<key>4A2DA8DE1913F79600D16CC0</key>
		<dict>
			<key>isa</key>
			<string>PBXFileReference</string>
			<key>lastKnownFileType</key>
			<string>wrapper.framework</string>
			<key>name</key>
			<string>Foundation.framework</string>
			<key>path</key>
			<string>System/Library/Frameworks/Foundation.framework</string>
			<key>sourceTree</key>
			<string>SDKROOT</string>
		</dict>
		<key>4A2DA8DF1913F79600D16CC0</key>
		<dict>
			<key>fileRef</key>
			<string>4A2DA8DE1913F79600D16CC0</string>
			<key>isa</key>
			<string>PBXBuildFile</string>
		</dict>
		<key>4A2DA8E01913F79600D16CC0</key>
		<dict>
			<key>isa</key>
			<string>PBXFileReference</string>
			<key>lastKnownFileType</key>
			<string>wrapper.framework</string>
			<key>name</key>
			<string>CoreGraphics.framework</string>
			<key>path</key>
			<string>System/Library/Frameworks/CoreGraphics.framework</string>
			<key>sourceTree</key>
			<string>SDKROOT</string>
		</dict>
		<key>4A2DA8E11913F79600D16CC0</key>
		<dict>
			<key>fileRef</key>
			<string>4A2DA8E01913F79600D16CC0</string>
			<key>isa</key>
			<string>PBXBuildFile</string>
		</dict>
		<key>4A2DA8E21913F79600D16CC0</key>
		<dict>
			<key>isa</key>
			<string>PBXFileReference</string>
			<key>lastKnownFileType</key>
			<string>wrapper.framework</string>
			<key>name</key>
			<string>UIKit.framework</string>
			<key>path</key>
			<string>System/Library/Frameworks/UIKit.framework</string>
			<key>sourceTree</key>
			<string>SDKROOT</string>
		</dict>
		<key>4A2DA8E31913F79600D16CC0</key>
		<dict>
			<key>fileRef</key>
			<string>4A2DA8E21913F79600D16CC0</string>
			<key>isa</key>
			<string>PBXBuildFile</string>
		</dict>
		<key>4A2DA8E41913F79600D16CC0</key>
		<dict>
			<key>children</key>
			<array>
				<string>4A2DA8F01913F79600D16CC0</string>
				<string>4A2DA8F31913F79600D16CC0</string>
				<string>4A2DA8ED1913F79600D16CC0</string>
				<string>4A2DA8EE1913F79600D16CC0</string>
				<string>4AD13FF2192D6C9600E746CC</string>
				<string>4A2DA9161913F7D500D16CC0</string>
				<string>4A2DA8F91913F79600D16CC0</string>
				<string>4A2DA8E51913F79600D16CC0</string>
			</array>
			<key>isa</key>
			<string>PBXGroup</string>
			<key>path</key>
			<string>SCPCoreBluetoothManager</string>
			<key>sourceTree</key>
			<string>&lt;group&gt;</string>
		</dict>
		<key>4A2DA8E51913F79600D16CC0</key>
		<dict>
			<key>children</key>
			<array>
				<string>4A2DA8E61913F79600D16CC0</string>
				<string>4A2DA8E71913F79600D16CC0</string>
				<string>4A2DA8EA1913F79600D16CC0</string>
				<string>4A2DA8EC1913F79600D16CC0</string>
			</array>
			<key>isa</key>
			<string>PBXGroup</string>
			<key>name</key>
			<string>Supporting Files</string>
			<key>sourceTree</key>
			<string>&lt;group&gt;</string>
		</dict>
		<key>4A2DA8E61913F79600D16CC0</key>
		<dict>
			<key>isa</key>
			<string>PBXFileReference</string>
			<key>lastKnownFileType</key>
			<string>text.plist.xml</string>
			<key>path</key>
			<string>SCPCoreBluetoothManager-Info.plist</string>
			<key>sourceTree</key>
			<string>&lt;group&gt;</string>
		</dict>
		<key>4A2DA8E71913F79600D16CC0</key>
		<dict>
			<key>children</key>
			<array>
				<string>4A2DA8E81913F79600D16CC0</string>
			</array>
			<key>isa</key>
			<string>PBXVariantGroup</string>
			<key>name</key>
			<string>InfoPlist.strings</string>
			<key>sourceTree</key>
			<string>&lt;group&gt;</string>
		</dict>
		<key>4A2DA8E81913F79600D16CC0</key>
		<dict>
			<key>isa</key>
			<string>PBXFileReference</string>
			<key>lastKnownFileType</key>
			<string>text.plist.strings</string>
			<key>name</key>
			<string>en</string>
			<key>path</key>
			<string>en.lproj/InfoPlist.strings</string>
			<key>sourceTree</key>
			<string>&lt;group&gt;</string>
		</dict>
		<key>4A2DA8E91913F79600D16CC0</key>
		<dict>
			<key>fileRef</key>
			<string>4A2DA8E71913F79600D16CC0</string>
			<key>isa</key>
			<string>PBXBuildFile</string>
		</dict>
		<key>4A2DA8EA1913F79600D16CC0</key>
		<dict>
			<key>isa</key>
			<string>PBXFileReference</string>
			<key>lastKnownFileType</key>
			<string>sourcecode.c.objc</string>
			<key>path</key>
			<string>main.m</string>
			<key>sourceTree</key>
			<string>&lt;group&gt;</string>
		</dict>
		<key>4A2DA8EB1913F79600D16CC0</key>
		<dict>
			<key>fileRef</key>
			<string>4A2DA8EA1913F79600D16CC0</string>
			<key>isa</key>
			<string>PBXBuildFile</string>
		</dict>
		<key>4A2DA8EC1913F79600D16CC0</key>
		<dict>
			<key>isa</key>
			<string>PBXFileReference</string>
			<key>lastKnownFileType</key>
			<string>sourcecode.c.h</string>
			<key>path</key>
			<string>SCPCoreBluetoothManager-Prefix.pch</string>
			<key>sourceTree</key>
			<string>&lt;group&gt;</string>
		</dict>
		<key>4A2DA8ED1913F79600D16CC0</key>
		<dict>
			<key>isa</key>
			<string>PBXFileReference</string>
			<key>lastKnownFileType</key>
			<string>sourcecode.c.h</string>
			<key>path</key>
			<string>SCPAppDelegate.h</string>
			<key>sourceTree</key>
			<string>&lt;group&gt;</string>
		</dict>
		<key>4A2DA8EE1913F79600D16CC0</key>
		<dict>
			<key>isa</key>
			<string>PBXFileReference</string>
			<key>lastKnownFileType</key>
			<string>sourcecode.c.objc</string>
			<key>path</key>
			<string>SCPAppDelegate.m</string>
			<key>sourceTree</key>
			<string>&lt;group&gt;</string>
		</dict>
		<key>4A2DA8EF1913F79600D16CC0</key>
		<dict>
			<key>fileRef</key>
			<string>4A2DA8EE1913F79600D16CC0</string>
			<key>isa</key>
			<string>PBXBuildFile</string>
		</dict>
		<key>4A2DA8F01913F79600D16CC0</key>
		<dict>
			<key>children</key>
			<array>
				<string>4A2DA8F11913F79600D16CC0</string>
			</array>
			<key>isa</key>
			<string>PBXVariantGroup</string>
			<key>name</key>
			<string>Main_iPhone.storyboard</string>
			<key>sourceTree</key>
			<string>&lt;group&gt;</string>
		</dict>
		<key>4A2DA8F11913F79600D16CC0</key>
		<dict>
			<key>isa</key>
			<string>PBXFileReference</string>
			<key>lastKnownFileType</key>
			<string>file.storyboard</string>
			<key>name</key>
			<string>Base</string>
			<key>path</key>
			<string>Base.lproj/Main_iPhone.storyboard</string>
			<key>sourceTree</key>
			<string>&lt;group&gt;</string>
		</dict>
		<key>4A2DA8F21913F79600D16CC0</key>
		<dict>
			<key>fileRef</key>
			<string>4A2DA8F01913F79600D16CC0</string>
			<key>isa</key>
			<string>PBXBuildFile</string>
		</dict>
		<key>4A2DA8F31913F79600D16CC0</key>
		<dict>
			<key>children</key>
			<array>
				<string>4A2DA8F41913F79600D16CC0</string>
			</array>
			<key>isa</key>
			<string>PBXVariantGroup</string>
			<key>name</key>
			<string>Main_iPad.storyboard</string>
			<key>sourceTree</key>
			<string>&lt;group&gt;</string>
		</dict>
		<key>4A2DA8F41913F79600D16CC0</key>
		<dict>
			<key>isa</key>
			<string>PBXFileReference</string>
			<key>lastKnownFileType</key>
			<string>file.storyboard</string>
			<key>name</key>
			<string>Base</string>
			<key>path</key>
			<string>Base.lproj/Main_iPad.storyboard</string>
			<key>sourceTree</key>
			<string>&lt;group&gt;</string>
		</dict>
		<key>4A2DA8F51913F79600D16CC0</key>
		<dict>
			<key>fileRef</key>
			<string>4A2DA8F31913F79600D16CC0</string>
			<key>isa</key>
			<string>PBXBuildFile</string>
		</dict>
		<key>4A2DA8F91913F79600D16CC0</key>
		<dict>
			<key>isa</key>
			<string>PBXFileReference</string>
			<key>lastKnownFileType</key>
			<string>folder.assetcatalog</string>
			<key>path</key>
			<string>Images.xcassets</string>
			<key>sourceTree</key>
			<string>&lt;group&gt;</string>
		</dict>
		<key>4A2DA8FA1913F79600D16CC0</key>
		<dict>
			<key>fileRef</key>
			<string>4A2DA8F91913F79600D16CC0</string>
			<key>isa</key>
			<string>PBXBuildFile</string>
		</dict>
		<key>4A2DA8FB1913F79600D16CC0</key>
		<dict>
			<key>buildActionMask</key>
			<string>2147483647</string>
			<key>files</key>
			<array>
				<string>4A2DA90D1913F79600D16CC0</string>
			</array>
			<key>isa</key>
			<string>PBXSourcesBuildPhase</string>
			<key>runOnlyForDeploymentPostprocessing</key>
			<string>0</string>
		</dict>
		<key>4A2DA8FC1913F79600D16CC0</key>
		<dict>
			<key>buildActionMask</key>
			<string>2147483647</string>
			<key>files</key>
			<array>
				<string>4A2DA9011913F79600D16CC0</string>
				<string>4A2DA9031913F79600D16CC0</string>
				<string>4A2DA9021913F79600D16CC0</string>
			</array>
			<key>isa</key>
			<string>PBXFrameworksBuildPhase</string>
			<key>runOnlyForDeploymentPostprocessing</key>
			<string>0</string>
		</dict>
		<key>4A2DA8FD1913F79600D16CC0</key>
		<dict>
			<key>buildActionMask</key>
			<string>2147483647</string>
			<key>files</key>
			<array>
				<string>4A2DA90B1913F79600D16CC0</string>
			</array>
			<key>isa</key>
			<string>PBXResourcesBuildPhase</string>
			<key>runOnlyForDeploymentPostprocessing</key>
			<string>0</string>
		</dict>
		<key>4A2DA8FE1913F79600D16CC0</key>
		<dict>
			<key>buildConfigurationList</key>
			<string>4A2DA9131913F79600D16CC0</string>
			<key>buildPhases</key>
			<array>
				<string>4A2DA8FB1913F79600D16CC0</string>
				<string>4A2DA8FC1913F79600D16CC0</string>
				<string>4A2DA8FD1913F79600D16CC0</string>
			</array>
			<key>buildRules</key>
			<array/>
			<key>dependencies</key>
			<array>
				<string>4A2DA9051913F79600D16CC0</string>
			</array>
			<key>isa</key>
			<string>PBXNativeTarget</string>
			<key>name</key>
			<string>SCPCoreBluetoothManagerTests</string>
			<key>productName</key>
			<string>SCPCoreBluetoothManagerTests</string>
			<key>productReference</key>
			<string>4A2DA8FF1913F79600D16CC0</string>
			<key>productType</key>
			<string>com.apple.product-type.bundle.unit-test</string>
		</dict>
		<key>4A2DA8FF1913F79600D16CC0</key>
		<dict>
			<key>explicitFileType</key>
			<string>wrapper.cfbundle</string>
			<key>includeInIndex</key>
			<string>0</string>
			<key>isa</key>
			<string>PBXFileReference</string>
			<key>path</key>
			<string>SCPCoreBluetoothManagerTests.xctest</string>
			<key>sourceTree</key>
			<string>BUILT_PRODUCTS_DIR</string>
		</dict>
		<key>4A2DA9001913F79600D16CC0</key>
		<dict>
			<key>isa</key>
			<string>PBXFileReference</string>
			<key>lastKnownFileType</key>
			<string>wrapper.framework</string>
			<key>name</key>
			<string>XCTest.framework</string>
			<key>path</key>
			<string>Library/Frameworks/XCTest.framework</string>
			<key>sourceTree</key>
			<string>DEVELOPER_DIR</string>
		</dict>
		<key>4A2DA9011913F79600D16CC0</key>
		<dict>
			<key>fileRef</key>
			<string>4A2DA9001913F79600D16CC0</string>
			<key>isa</key>
			<string>PBXBuildFile</string>
		</dict>
		<key>4A2DA9021913F79600D16CC0</key>
		<dict>
			<key>fileRef</key>
			<string>4A2DA8DE1913F79600D16CC0</string>
			<key>isa</key>
			<string>PBXBuildFile</string>
		</dict>
		<key>4A2DA9031913F79600D16CC0</key>
		<dict>
			<key>fileRef</key>
			<string>4A2DA8E21913F79600D16CC0</string>
			<key>isa</key>
			<string>PBXBuildFile</string>
		</dict>
		<key>4A2DA9041913F79600D16CC0</key>
		<dict>
			<key>containerPortal</key>
			<string>4A2DA8D31913F79600D16CC0</string>
			<key>isa</key>
			<string>PBXContainerItemProxy</string>
			<key>proxyType</key>
			<string>1</string>
			<key>remoteGlobalIDString</key>
			<string>4A2DA8DA1913F79600D16CC0</string>
			<key>remoteInfo</key>
			<string>SCPCoreBluetoothManager</string>
		</dict>
		<key>4A2DA9051913F79600D16CC0</key>
		<dict>
			<key>isa</key>
			<string>PBXTargetDependency</string>
			<key>target</key>
			<string>4A2DA8DA1913F79600D16CC0</string>
			<key>targetProxy</key>
			<string>4A2DA9041913F79600D16CC0</string>
		</dict>
		<key>4A2DA9061913F79600D16CC0</key>
		<dict>
			<key>children</key>
			<array>
				<string>4A2DA90C1913F79600D16CC0</string>
				<string>4A2DA9071913F79600D16CC0</string>
			</array>
			<key>isa</key>
			<string>PBXGroup</string>
			<key>path</key>
			<string>SCPCoreBluetoothManagerTests</string>
			<key>sourceTree</key>
			<string>&lt;group&gt;</string>
		</dict>
		<key>4A2DA9071913F79600D16CC0</key>
		<dict>
			<key>children</key>
			<array>
				<string>4A2DA9081913F79600D16CC0</string>
				<string>4A2DA9091913F79600D16CC0</string>
			</array>
			<key>isa</key>
			<string>PBXGroup</string>
			<key>name</key>
			<string>Supporting Files</string>
			<key>sourceTree</key>
			<string>&lt;group&gt;</string>
		</dict>
		<key>4A2DA9081913F79600D16CC0</key>
		<dict>
			<key>isa</key>
			<string>PBXFileReference</string>
			<key>lastKnownFileType</key>
			<string>text.plist.xml</string>
			<key>path</key>
			<string>SCPCoreBluetoothManagerTests-Info.plist</string>
			<key>sourceTree</key>
			<string>&lt;group&gt;</string>
		</dict>
		<key>4A2DA9091913F79600D16CC0</key>
		<dict>
			<key>children</key>
			<array>
				<string>4A2DA90A1913F79600D16CC0</string>
			</array>
			<key>isa</key>
			<string>PBXVariantGroup</string>
			<key>name</key>
			<string>InfoPlist.strings</string>
			<key>sourceTree</key>
			<string>&lt;group&gt;</string>
		</dict>
		<key>4A2DA90A1913F79600D16CC0</key>
		<dict>
			<key>isa</key>
			<string>PBXFileReference</string>
			<key>lastKnownFileType</key>
			<string>text.plist.strings</string>
			<key>name</key>
			<string>en</string>
			<key>path</key>
			<string>en.lproj/InfoPlist.strings</string>
			<key>sourceTree</key>
			<string>&lt;group&gt;</string>
		</dict>
		<key>4A2DA90B1913F79600D16CC0</key>
		<dict>
			<key>fileRef</key>
			<string>4A2DA9091913F79600D16CC0</string>
			<key>isa</key>
			<string>PBXBuildFile</string>
		</dict>
		<key>4A2DA90C1913F79600D16CC0</key>
		<dict>
			<key>isa</key>
			<string>PBXFileReference</string>
			<key>lastKnownFileType</key>
			<string>sourcecode.c.objc</string>
			<key>path</key>
			<string>SCPCoreBluetoothManagerTests.m</string>
			<key>sourceTree</key>
			<string>&lt;group&gt;</string>
		</dict>
		<key>4A2DA90D1913F79600D16CC0</key>
		<dict>
			<key>fileRef</key>
			<string>4A2DA90C1913F79600D16CC0</string>
			<key>isa</key>
			<string>PBXBuildFile</string>
		</dict>
		<key>4A2DA90E1913F79600D16CC0</key>
		<dict>
			<key>buildSettings</key>
			<dict>
				<key>ALWAYS_SEARCH_USER_PATHS</key>
				<string>NO</string>
				<key>CLANG_CXX_LANGUAGE_STANDARD</key>
				<string>gnu++0x</string>
				<key>CLANG_CXX_LIBRARY</key>
				<string>libc++</string>
				<key>CLANG_ENABLE_MODULES</key>
				<string>YES</string>
				<key>CLANG_ENABLE_OBJC_ARC</key>
				<string>YES</string>
				<key>CLANG_WARN_BOOL_CONVERSION</key>
				<string>YES</string>
				<key>CLANG_WARN_CONSTANT_CONVERSION</key>
				<string>YES</string>
				<key>CLANG_WARN_DIRECT_OBJC_ISA_USAGE</key>
				<string>YES_ERROR</string>
				<key>CLANG_WARN_EMPTY_BODY</key>
				<string>YES</string>
				<key>CLANG_WARN_ENUM_CONVERSION</key>
				<string>YES</string>
				<key>CLANG_WARN_INT_CONVERSION</key>
				<string>YES</string>
				<key>CLANG_WARN_OBJC_ROOT_CLASS</key>
				<string>YES_ERROR</string>
				<key>CLANG_WARN__DUPLICATE_METHOD_MATCH</key>
				<string>YES</string>
				<key>CODE_SIGN_IDENTITY[sdk=iphoneos*]</key>
				<string>iPhone Developer</string>
				<key>COPY_PHASE_STRIP</key>
				<string>NO</string>
				<key>GCC_C_LANGUAGE_STANDARD</key>
				<string>gnu99</string>
				<key>GCC_DYNAMIC_NO_PIC</key>
				<string>NO</string>
				<key>GCC_OPTIMIZATION_LEVEL</key>
				<string>0</string>
				<key>GCC_PREPROCESSOR_DEFINITIONS</key>
				<array>
					<string>DEBUG=1</string>
					<string>$(inherited)</string>
				</array>
				<key>GCC_SYMBOLS_PRIVATE_EXTERN</key>
				<string>NO</string>
				<key>GCC_WARN_64_TO_32_BIT_CONVERSION</key>
				<string>YES</string>
				<key>GCC_WARN_ABOUT_RETURN_TYPE</key>
				<string>YES_ERROR</string>
				<key>GCC_WARN_UNDECLARED_SELECTOR</key>
				<string>YES</string>
				<key>GCC_WARN_UNINITIALIZED_AUTOS</key>
				<string>YES_AGGRESSIVE</string>
				<key>GCC_WARN_UNUSED_FUNCTION</key>
				<string>YES</string>
				<key>GCC_WARN_UNUSED_VARIABLE</key>
				<string>YES</string>
				<key>IPHONEOS_DEPLOYMENT_TARGET</key>
				<string>7.1</string>
				<key>ONLY_ACTIVE_ARCH</key>
				<string>YES</string>
				<key>SDKROOT</key>
				<string>iphoneos</string>
				<key>TARGETED_DEVICE_FAMILY</key>
				<string>1,2</string>
			</dict>
			<key>isa</key>
			<string>XCBuildConfiguration</string>
			<key>name</key>
			<string>Debug</string>
		</dict>
		<key>4A2DA90F1913F79600D16CC0</key>
		<dict>
			<key>buildSettings</key>
			<dict>
				<key>ALWAYS_SEARCH_USER_PATHS</key>
				<string>NO</string>
				<key>CLANG_CXX_LANGUAGE_STANDARD</key>
				<string>gnu++0x</string>
				<key>CLANG_CXX_LIBRARY</key>
				<string>libc++</string>
				<key>CLANG_ENABLE_MODULES</key>
				<string>YES</string>
				<key>CLANG_ENABLE_OBJC_ARC</key>
				<string>YES</string>
				<key>CLANG_WARN_BOOL_CONVERSION</key>
				<string>YES</string>
				<key>CLANG_WARN_CONSTANT_CONVERSION</key>
				<string>YES</string>
				<key>CLANG_WARN_DIRECT_OBJC_ISA_USAGE</key>
				<string>YES_ERROR</string>
				<key>CLANG_WARN_EMPTY_BODY</key>
				<string>YES</string>
				<key>CLANG_WARN_ENUM_CONVERSION</key>
				<string>YES</string>
				<key>CLANG_WARN_INT_CONVERSION</key>
				<string>YES</string>
				<key>CLANG_WARN_OBJC_ROOT_CLASS</key>
				<string>YES_ERROR</string>
				<key>CLANG_WARN__DUPLICATE_METHOD_MATCH</key>
				<string>YES</string>
				<key>CODE_SIGN_IDENTITY[sdk=iphoneos*]</key>
				<string>iPhone Developer</string>
				<key>COPY_PHASE_STRIP</key>
				<string>YES</string>
				<key>ENABLE_NS_ASSERTIONS</key>
				<string>NO</string>
				<key>GCC_C_LANGUAGE_STANDARD</key>
				<string>gnu99</string>
				<key>GCC_WARN_64_TO_32_BIT_CONVERSION</key>
				<string>YES</string>
				<key>GCC_WARN_ABOUT_RETURN_TYPE</key>
				<string>YES_ERROR</string>
				<key>GCC_WARN_UNDECLARED_SELECTOR</key>
				<string>YES</string>
				<key>GCC_WARN_UNINITIALIZED_AUTOS</key>
				<string>YES_AGGRESSIVE</string>
				<key>GCC_WARN_UNUSED_FUNCTION</key>
				<string>YES</string>
				<key>GCC_WARN_UNUSED_VARIABLE</key>
				<string>YES</string>
				<key>IPHONEOS_DEPLOYMENT_TARGET</key>
				<string>7.1</string>
				<key>SDKROOT</key>
				<string>iphoneos</string>
				<key>TARGETED_DEVICE_FAMILY</key>
				<string>1,2</string>
				<key>VALIDATE_PRODUCT</key>
				<string>YES</string>
			</dict>
			<key>isa</key>
			<string>XCBuildConfiguration</string>
			<key>name</key>
			<string>Release</string>
		</dict>
		<key>4A2DA9101913F79600D16CC0</key>
		<dict>
			<key>buildConfigurations</key>
			<array>
				<string>4A2DA9111913F79600D16CC0</string>
				<string>4A2DA9121913F79600D16CC0</string>
			</array>
			<key>defaultConfigurationIsVisible</key>
			<string>0</string>
			<key>defaultConfigurationName</key>
			<string>Release</string>
			<key>isa</key>
			<string>XCConfigurationList</string>
		</dict>
		<key>4A2DA9111913F79600D16CC0</key>
		<dict>
			<key>baseConfigurationReference</key>
			<string>6075B8D31A174D4E8041816A</string>
			<key>buildSettings</key>
			<dict>
				<key>ASSETCATALOG_COMPILER_APPICON_NAME</key>
				<string>AppIcon</string>
				<key>ASSETCATALOG_COMPILER_LAUNCHIMAGE_NAME</key>
				<string>LaunchImage</string>
				<key>CODE_SIGN_IDENTITY</key>
				<string>iPhone Developer</string>
				<key>CODE_SIGN_IDENTITY[sdk=iphoneos*]</key>
				<string>iPhone Developer</string>
				<key>GCC_PRECOMPILE_PREFIX_HEADER</key>
				<string>YES</string>
				<key>GCC_PREFIX_HEADER</key>
				<string>SCPCoreBluetoothManager/SCPCoreBluetoothManager-Prefix.pch</string>
				<key>INFOPLIST_FILE</key>
				<string>SCPCoreBluetoothManager/SCPCoreBluetoothManager-Info.plist</string>
				<key>PRODUCT_NAME</key>
				<string>$(TARGET_NAME)</string>
				<key>PROVISIONING_PROFILE</key>
				<string></string>
				<key>WRAPPER_EXTENSION</key>
				<string>app</string>
			</dict>
			<key>isa</key>
			<string>XCBuildConfiguration</string>
			<key>name</key>
			<string>Debug</string>
		</dict>
		<key>4A2DA9121913F79600D16CC0</key>
		<dict>
			<key>baseConfigurationReference</key>
			<string>6075B8D31A174D4E8041816A</string>
			<key>buildSettings</key>
			<dict>
				<key>ASSETCATALOG_COMPILER_APPICON_NAME</key>
				<string>AppIcon</string>
				<key>ASSETCATALOG_COMPILER_LAUNCHIMAGE_NAME</key>
				<string>LaunchImage</string>
				<key>CODE_SIGN_IDENTITY</key>
				<string>iPhone Developer</string>
				<key>CODE_SIGN_IDENTITY[sdk=iphoneos*]</key>
				<string>iPhone Developer</string>
				<key>GCC_PRECOMPILE_PREFIX_HEADER</key>
				<string>YES</string>
				<key>GCC_PREFIX_HEADER</key>
				<string>SCPCoreBluetoothManager/SCPCoreBluetoothManager-Prefix.pch</string>
				<key>INFOPLIST_FILE</key>
				<string>SCPCoreBluetoothManager/SCPCoreBluetoothManager-Info.plist</string>
				<key>PRODUCT_NAME</key>
				<string>$(TARGET_NAME)</string>
				<key>PROVISIONING_PROFILE</key>
				<string></string>
				<key>WRAPPER_EXTENSION</key>
				<string>app</string>
			</dict>
			<key>isa</key>
			<string>XCBuildConfiguration</string>
			<key>name</key>
			<string>Release</string>
		</dict>
		<key>4A2DA9131913F79600D16CC0</key>
		<dict>
			<key>buildConfigurations</key>
			<array>
				<string>4A2DA9141913F79600D16CC0</string>
				<string>4A2DA9151913F79600D16CC0</string>
			</array>
			<key>defaultConfigurationIsVisible</key>
			<string>0</string>
			<key>defaultConfigurationName</key>
			<string>Release</string>
			<key>isa</key>
			<string>XCConfigurationList</string>
		</dict>
		<key>4A2DA9141913F79600D16CC0</key>
		<dict>
			<key>buildSettings</key>
			<dict>
				<key>BUNDLE_LOADER</key>
				<string>$(BUILT_PRODUCTS_DIR)/SCPCoreBluetoothManager.app/SCPCoreBluetoothManager</string>
				<key>FRAMEWORK_SEARCH_PATHS</key>
				<array>
					<string>$(SDKROOT)/Developer/Library/Frameworks</string>
					<string>$(inherited)</string>
					<string>$(DEVELOPER_FRAMEWORKS_DIR)</string>
				</array>
				<key>GCC_PRECOMPILE_PREFIX_HEADER</key>
				<string>YES</string>
				<key>GCC_PREFIX_HEADER</key>
				<string>SCPCoreBluetoothManager/SCPCoreBluetoothManager-Prefix.pch</string>
				<key>GCC_PREPROCESSOR_DEFINITIONS</key>
				<array>
					<string>DEBUG=1</string>
					<string>$(inherited)</string>
				</array>
				<key>INFOPLIST_FILE</key>
				<string>SCPCoreBluetoothManagerTests/SCPCoreBluetoothManagerTests-Info.plist</string>
				<key>PRODUCT_NAME</key>
				<string>$(TARGET_NAME)</string>
				<key>TEST_HOST</key>
				<string>$(BUNDLE_LOADER)</string>
				<key>WRAPPER_EXTENSION</key>
				<string>xctest</string>
			</dict>
			<key>isa</key>
			<string>XCBuildConfiguration</string>
			<key>name</key>
			<string>Debug</string>
		</dict>
		<key>4A2DA9151913F79600D16CC0</key>
		<dict>
			<key>buildSettings</key>
			<dict>
				<key>BUNDLE_LOADER</key>
				<string>$(BUILT_PRODUCTS_DIR)/SCPCoreBluetoothManager.app/SCPCoreBluetoothManager</string>
				<key>FRAMEWORK_SEARCH_PATHS</key>
				<array>
					<string>$(SDKROOT)/Developer/Library/Frameworks</string>
					<string>$(inherited)</string>
					<string>$(DEVELOPER_FRAMEWORKS_DIR)</string>
				</array>
				<key>GCC_PRECOMPILE_PREFIX_HEADER</key>
				<string>YES</string>
				<key>GCC_PREFIX_HEADER</key>
				<string>SCPCoreBluetoothManager/SCPCoreBluetoothManager-Prefix.pch</string>
				<key>INFOPLIST_FILE</key>
				<string>SCPCoreBluetoothManagerTests/SCPCoreBluetoothManagerTests-Info.plist</string>
				<key>PRODUCT_NAME</key>
				<string>$(TARGET_NAME)</string>
				<key>TEST_HOST</key>
				<string>$(BUNDLE_LOADER)</string>
				<key>WRAPPER_EXTENSION</key>
				<string>xctest</string>
			</dict>
			<key>isa</key>
			<string>XCBuildConfiguration</string>
			<key>name</key>
			<string>Release</string>
		</dict>
		<key>4A2DA9161913F7D500D16CC0</key>
		<dict>
			<key>children</key>
			<array>
				<string>4AD13FDB192D5FB600E746CC</string>
				<string>4A2DA9171913F7E800D16CC0</string>
				<string>4A2DA9181913F7E800D16CC0</string>
				<string>4AD13FE2192D6BE600E746CC</string>
			</array>
			<key>isa</key>
			<string>PBXGroup</string>
			<key>path</key>
			<string>SCPCoreBluetoothManager</string>
			<key>sourceTree</key>
			<string>&lt;group&gt;</string>
		</dict>
		<key>4A2DA9171913F7E800D16CC0</key>
		<dict>
			<key>fileEncoding</key>
			<string>4</string>
			<key>isa</key>
			<string>PBXFileReference</string>
			<key>lastKnownFileType</key>
			<string>sourcecode.c.h</string>
			<key>path</key>
			<string>SCPCoreBluetoothCentralManager.h</string>
			<key>sourceTree</key>
			<string>&lt;group&gt;</string>
		</dict>
		<key>4A2DA9181913F7E800D16CC0</key>
		<dict>
			<key>fileEncoding</key>
			<string>4</string>
			<key>isa</key>
			<string>PBXFileReference</string>
			<key>lastKnownFileType</key>
			<string>sourcecode.c.objc</string>
			<key>path</key>
			<string>SCPCoreBluetoothCentralManager.m</string>
			<key>sourceTree</key>
			<string>&lt;group&gt;</string>
		</dict>
		<key>4A2DA9191913F7E800D16CC0</key>
		<dict>
			<key>fileRef</key>
			<string>4A2DA9181913F7E800D16CC0</string>
			<key>isa</key>
			<string>PBXBuildFile</string>
		</dict>
		<key>4AD13FDB192D5FB600E746CC</key>
		<dict>
			<key>isa</key>
			<string>PBXFileReference</string>
			<key>lastKnownFileType</key>
			<string>sourcecode.c.h</string>
			<key>path</key>
			<string>SCPCoreBluetoothManagerBlocks.h</string>
			<key>sourceTree</key>
			<string>&lt;group&gt;</string>
		</dict>
		<key>4AD13FE2192D6BE600E746CC</key>
		<dict>
			<key>children</key>
			<array>
				<string>4AD13FE5192D6BE600E746CC</string>
				<string>4AD13FE6192D6BE600E746CC</string>
				<string>4AD13FE7192D6BE600E746CC</string>
				<string>4AD13FE8192D6BE600E746CC</string>
				<string>4AD13FE3192D6BE600E746CC</string>
				<string>4AD13FE4192D6BE600E746CC</string>
				<string>4AD13FE9192D6BE600E746CC</string>
				<string>4AD13FEA192D6BE600E746CC</string>
				<string>4AD13FEB192D6BE600E746CC</string>
				<string>4AD13FEC192D6BE600E746CC</string>
			</array>
			<key>isa</key>
			<string>PBXGroup</string>
			<key>path</key>
			<string>SCPCoreBluetoothManager Categories</string>
			<key>sourceTree</key>
			<string>&lt;group&gt;</string>
		</dict>
		<key>4AD13FE3192D6BE600E746CC</key>
		<dict>
			<key>fileEncoding</key>
			<string>4</string>
			<key>isa</key>
			<string>PBXFileReference</string>
			<key>lastKnownFileType</key>
			<string>sourcecode.c.h</string>
			<key>path</key>
			<string>CBCharacteristic+SCPCoreBluetoothManager.h</string>
			<key>sourceTree</key>
			<string>&lt;group&gt;</string>
		</dict>
		<key>4AD13FE4192D6BE600E746CC</key>
		<dict>
			<key>fileEncoding</key>
			<string>4</string>
			<key>isa</key>
			<string>PBXFileReference</string>
			<key>lastKnownFileType</key>
			<string>sourcecode.c.objc</string>
			<key>path</key>
			<string>CBCharacteristic+SCPCoreBluetoothManager.m</string>
			<key>sourceTree</key>
			<string>&lt;group&gt;</string>
		</dict>
		<key>4AD13FE5192D6BE600E746CC</key>
		<dict>
			<key>fileEncoding</key>
			<string>4</string>
			<key>isa</key>
			<string>PBXFileReference</string>
			<key>lastKnownFileType</key>
			<string>sourcecode.c.h</string>
			<key>path</key>
			<string>CBPeripheral+SCPCoreBluetoothManager.h</string>
			<key>sourceTree</key>
			<string>&lt;group&gt;</string>
		</dict>
		<key>4AD13FE6192D6BE600E746CC</key>
		<dict>
			<key>fileEncoding</key>
			<string>4</string>
			<key>isa</key>
			<string>PBXFileReference</string>
			<key>lastKnownFileType</key>
			<string>sourcecode.c.objc</string>
			<key>path</key>
			<string>CBPeripheral+SCPCoreBluetoothManager.m</string>
			<key>sourceTree</key>
			<string>&lt;group&gt;</string>
		</dict>
		<key>4AD13FE7192D6BE600E746CC</key>
		<dict>
			<key>fileEncoding</key>
			<string>4</string>
			<key>isa</key>
			<string>PBXFileReference</string>
			<key>lastKnownFileType</key>
			<string>sourcecode.c.h</string>
			<key>path</key>
			<string>CBService+SCPCoreBluetoothManager.h</string>
			<key>sourceTree</key>
			<string>&lt;group&gt;</string>
		</dict>
		<key>4AD13FE8192D6BE600E746CC</key>
		<dict>
			<key>fileEncoding</key>
			<string>4</string>
			<key>isa</key>
			<string>PBXFileReference</string>
			<key>lastKnownFileType</key>
			<string>sourcecode.c.objc</string>
			<key>path</key>
			<string>CBService+SCPCoreBluetoothManager.m</string>
			<key>sourceTree</key>
			<string>&lt;group&gt;</string>
		</dict>
		<key>4AD13FE9192D6BE600E746CC</key>
		<dict>
			<key>fileEncoding</key>
			<string>4</string>
			<key>isa</key>
			<string>PBXFileReference</string>
			<key>lastKnownFileType</key>
			<string>sourcecode.c.h</string>
			<key>path</key>
			<string>NSData+SCPCoreBluetoothManager.h</string>
			<key>sourceTree</key>
			<string>&lt;group&gt;</string>
		</dict>
		<key>4AD13FEA192D6BE600E746CC</key>
		<dict>
			<key>fileEncoding</key>
			<string>4</string>
			<key>isa</key>
			<string>PBXFileReference</string>
			<key>lastKnownFileType</key>
			<string>sourcecode.c.objc</string>
			<key>path</key>
			<string>NSData+SCPCoreBluetoothManager.m</string>
			<key>sourceTree</key>
			<string>&lt;group&gt;</string>
		</dict>
		<key>4AD13FEB192D6BE600E746CC</key>
		<dict>
			<key>fileEncoding</key>
			<string>4</string>
			<key>isa</key>
			<string>PBXFileReference</string>
			<key>lastKnownFileType</key>
			<string>sourcecode.c.h</string>
			<key>path</key>
			<string>NSString+SCPCoreBluetoothManager.h</string>
			<key>sourceTree</key>
			<string>&lt;group&gt;</string>
		</dict>
		<key>4AD13FEC192D6BE600E746CC</key>
		<dict>
			<key>fileEncoding</key>
			<string>4</string>
			<key>isa</key>
			<string>PBXFileReference</string>
			<key>lastKnownFileType</key>
			<string>sourcecode.c.objc</string>
			<key>path</key>
			<string>NSString+SCPCoreBluetoothManager.m</string>
			<key>sourceTree</key>
			<string>&lt;group&gt;</string>
		</dict>
		<key>4AD13FED192D6BE600E746CC</key>
		<dict>
			<key>fileRef</key>
			<string>4AD13FE4192D6BE600E746CC</string>
			<key>isa</key>
			<string>PBXBuildFile</string>
		</dict>
		<key>4AD13FEE192D6BE600E746CC</key>
		<dict>
			<key>fileRef</key>
			<string>4AD13FE6192D6BE600E746CC</string>
			<key>isa</key>
			<string>PBXBuildFile</string>
		</dict>
		<key>4AD13FEF192D6BE600E746CC</key>
		<dict>
			<key>fileRef</key>
			<string>4AD13FE8192D6BE600E746CC</string>
			<key>isa</key>
			<string>PBXBuildFile</string>
		</dict>
		<key>4AD13FF0192D6BE600E746CC</key>
		<dict>
			<key>fileRef</key>
			<string>4AD13FEA192D6BE600E746CC</string>
			<key>isa</key>
			<string>PBXBuildFile</string>
		</dict>
		<key>4AD13FF1192D6BE600E746CC</key>
		<dict>
			<key>fileRef</key>
			<string>4AD13FEC192D6BE600E746CC</string>
			<key>isa</key>
			<string>PBXBuildFile</string>
		</dict>
		<key>4AD13FF2192D6C9600E746CC</key>
		<dict>
			<key>children</key>
			<array>
				<string>4AD13FF7192D6C9600E746CC</string>
				<string>4AD13FF8192D6C9600E746CC</string>
				<string>4AD13FF9192D6C9600E746CC</string>
				<string>4AD13FFA192D6C9600E746CC</string>
				<string>4AD13FF3192D6C9600E746CC</string>
				<string>4AD13FF4192D6C9600E746CC</string>
				<string>4AD13FF5192D6C9600E746CC</string>
				<string>4AD13FF6192D6C9600E746CC</string>
			</array>
			<key>isa</key>
			<string>PBXGroup</string>
			<key>path</key>
			<string>View Controllers</string>
			<key>sourceTree</key>
			<string>&lt;group&gt;</string>
		</dict>
		<key>4AD13FF3192D6C9600E746CC</key>
		<dict>
			<key>fileEncoding</key>
			<string>4</string>
			<key>isa</key>
			<string>PBXFileReference</string>
			<key>lastKnownFileType</key>
			<string>sourcecode.c.h</string>
			<key>path</key>
			<string>SCPCharacteristicsTableViewController.h</string>
			<key>sourceTree</key>
			<string>&lt;group&gt;</string>
		</dict>
		<key>4AD13FF4192D6C9600E746CC</key>
		<dict>
			<key>fileEncoding</key>
			<string>4</string>
			<key>isa</key>
			<string>PBXFileReference</string>
			<key>lastKnownFileType</key>
			<string>sourcecode.c.objc</string>
			<key>path</key>
			<string>SCPCharacteristicsTableViewController.m</string>
			<key>sourceTree</key>
			<string>&lt;group&gt;</string>
		</dict>
		<key>4AD13FF5192D6C9600E746CC</key>
		<dict>
			<key>fileEncoding</key>
			<string>4</string>
			<key>isa</key>
			<string>PBXFileReference</string>
			<key>lastKnownFileType</key>
			<string>sourcecode.c.h</string>
			<key>path</key>
			<string>SCPCharacteristicValueTableViewController.h</string>
			<key>sourceTree</key>
			<string>&lt;group&gt;</string>
		</dict>
		<key>4AD13FF6192D6C9600E746CC</key>
		<dict>
			<key>fileEncoding</key>
			<string>4</string>
			<key>isa</key>
			<string>PBXFileReference</string>
			<key>lastKnownFileType</key>
			<string>sourcecode.c.objc</string>
			<key>path</key>
			<string>SCPCharacteristicValueTableViewController.m</string>
			<key>sourceTree</key>
			<string>&lt;group&gt;</string>
		</dict>
		<key>4AD13FF7192D6C9600E746CC</key>
		<dict>
			<key>fileEncoding</key>
			<string>4</string>
			<key>isa</key>
			<string>PBXFileReference</string>
			<key>lastKnownFileType</key>
			<string>sourcecode.c.h</string>
			<key>path</key>
			<string>SCPPeripheralsTableViewController.h</string>
			<key>sourceTree</key>
			<string>&lt;group&gt;</string>
		</dict>
		<key>4AD13FF8192D6C9600E746CC</key>
		<dict>
			<key>fileEncoding</key>
			<string>4</string>
			<key>isa</key>
			<string>PBXFileReference</string>
			<key>lastKnownFileType</key>
			<string>sourcecode.c.objc</string>
			<key>path</key>
			<string>SCPPeripheralsTableViewController.m</string>
			<key>sourceTree</key>
			<string>&lt;group&gt;</string>
		</dict>
		<key>4AD13FF9192D6C9600E746CC</key>
		<dict>
			<key>fileEncoding</key>
			<string>4</string>
			<key>isa</key>
			<string>PBXFileReference</string>
			<key>lastKnownFileType</key>
			<string>sourcecode.c.h</string>
			<key>path</key>
			<string>SCPServicesTableViewController.h</string>
			<key>sourceTree</key>
			<string>&lt;group&gt;</string>
		</dict>
		<key>4AD13FFA192D6C9600E746CC</key>
		<dict>
			<key>fileEncoding</key>
			<string>4</string>
			<key>isa</key>
			<string>PBXFileReference</string>
			<key>lastKnownFileType</key>
			<string>sourcecode.c.objc</string>
			<key>path</key>
			<string>SCPServicesTableViewController.m</string>
			<key>sourceTree</key>
			<string>&lt;group&gt;</string>
		</dict>
		<key>4AD13FFB192D6C9600E746CC</key>
		<dict>
			<key>fileRef</key>
			<string>4AD13FF4192D6C9600E746CC</string>
			<key>isa</key>
			<string>PBXBuildFile</string>
		</dict>
		<key>4AD13FFC192D6C9600E746CC</key>
		<dict>
			<key>fileRef</key>
			<string>4AD13FF6192D6C9600E746CC</string>
			<key>isa</key>
			<string>PBXBuildFile</string>
		</dict>
		<key>4AD13FFD192D6C9600E746CC</key>
		<dict>
			<key>fileRef</key>
			<string>4AD13FF8192D6C9600E746CC</string>
			<key>isa</key>
			<string>PBXBuildFile</string>
		</dict>
		<key>4AD13FFE192D6C9600E746CC</key>
		<dict>
			<key>fileRef</key>
			<string>4AD13FFA192D6C9600E746CC</string>
			<key>isa</key>
			<string>PBXBuildFile</string>
		</dict>
		<key>6075B8D31A174D4E8041816A</key>
		<dict>
			<key>includeInIndex</key>
			<string>1</string>
			<key>isa</key>
			<string>PBXFileReference</string>
			<key>lastKnownFileType</key>
			<string>text.xcconfig</string>
			<key>name</key>
			<string>Pods.xcconfig</string>
			<key>path</key>
			<string>Pods/Pods.xcconfig</string>
			<key>sourceTree</key>
			<string>&lt;group&gt;</string>
		</dict>
		<key>FA8A7250205A4F7D9EED36CF</key>
		<dict>
			<key>explicitFileType</key>
			<string>archive.ar</string>
			<key>includeInIndex</key>
			<string>0</string>
			<key>isa</key>
			<string>PBXFileReference</string>
			<key>path</key>
			<string>libPods.a</string>
			<key>sourceTree</key>
			<string>BUILT_PRODUCTS_DIR</string>
		</dict>
		<key>FE541CC0F0ED4C25B5084E99</key>
		<dict>
			<key>buildActionMask</key>
			<string>2147483647</string>
			<key>files</key>
			<array/>
			<key>inputPaths</key>
			<array/>
			<key>isa</key>
			<string>PBXShellScriptBuildPhase</string>
			<key>name</key>
			<string>Check Pods Manifest.lock</string>
			<key>outputPaths</key>
			<array/>
			<key>runOnlyForDeploymentPostprocessing</key>
			<string>0</string>
			<key>shellPath</key>
			<string>/bin/sh</string>
			<key>shellScript</key>
			<string>diff "${PODS_ROOT}/../Podfile.lock" "${PODS_ROOT}/Manifest.lock" &gt; /dev/null
if [[ $? != 0 ]] ; then
    cat &lt;&lt; EOM
error: The sandbox is not in sync with the Podfile.lock. Run 'pod install' or update your CocoaPods installation.
EOM
    exit 1
fi
</string>
			<key>showEnvVarsInLog</key>
			<string>0</string>
		</dict>
	</dict>
	<key>rootObject</key>
	<string>4A2DA8D31913F79600D16CC0</string>
</dict>
</plist>
